
Microsoft Visual Studio Solution File, Format Version 12.00
# Visual Studio Version 17
VisualStudioVersion = 17.4.33103.184
MinimumVisualStudioVersion = 10.0.40219.1
Project("{9A19103F-16F7-4668-BE54-9A1E7A4F7556}") = "Gravity Impact", "Gravity Impact\Gravity Impact.csproj", "{3A5D5E2A-D43D-499F-A998-01A4463D960A}"
EndProject
Project("{54435603-DBB4-11D2-8724-00A0C9A8B90C}") = "Setup1", "Setup1\Setup1.vdproj", "{5314FC9B-1508-4038-8EFD-74EBF2DBB7DA}"
EndProject
Global
	GlobalSection(SolutionConfigurationPlatforms) = preSolution
		Debug|Any CPU = Debug|Any CPU
		Release|Any CPU = Release|Any CPU
	EndGlobalSection
	GlobalSection(ProjectConfigurationPlatforms) = postSolution
		{3A5D5E2A-D43D-499F-A998-01A4463D960A}.Debug|Any CPU.ActiveCfg = Debug|Any CPU
		{3A5D5E2A-D43D-499F-A998-01A4463D960A}.Debug|Any CPU.Build.0 = Debug|Any CPU
		{3A5D5E2A-D43D-499F-A998-01A4463D960A}.Release|Any CPU.ActiveCfg = Release|Any CPU
		{3A5D5E2A-D43D-499F-A998-01A4463D960A}.Release|Any CPU.Build.0 = Release|Any CPU
		{5314FC9B-1508-4038-8EFD-74EBF2DBB7DA}.Debug|Any CPU.ActiveCfg = Debug
		{5314FC9B-1508-4038-8EFD-74EBF2DBB7DA}.Release|Any CPU.ActiveCfg = Release
	EndGlobalSection
	GlobalSection(SolutionProperties) = preSolution
		HideSolutionNode = FALSE
	EndGlobalSection
	GlobalSection(ExtensibilityGlobals) = postSolution
		SolutionGuid = {4495152B-5500-4BCA-91AD-DC41DECD22B1}
	EndGlobalSection
EndGlobal
